
Microsoft Visual Studio Solution File, Format Version 12.00
# Visual Studio Version 16
VisualStudioVersion = 16.0.32002.261
MinimumVisualStudioVersion = 10.0.40219.1
Project("{FAE04EC0-301F-11D3-BF4B-00C04F79EFBC}") = "R10546039YDLINAss08", "R10546039YDLINAss08\R10546039YDLINAss08.csproj", "{990EC02D-7315-49CA-82C4-EA34F535D7CA}"
EndProject
Project("{FAE04EC0-301F-11D3-BF4B-00C04F79EFBC}") = "GALibrary", "GALibrary\GALibrary.csproj", "{5C6190F8-0AA5-47D8-94DB-31E0123F9C7A}"
EndProject
Global
	GlobalSection(SolutionConfigurationPlatforms) = preSolution
		Debug|Any CPU = Debug|Any CPU
		Release|Any CPU = Release|Any CPU
	EndGlobalSection
	GlobalSection(ProjectConfigurationPlatforms) = postSolution
		{990EC02D-7315-49CA-82C4-EA34F535D7CA}.Debug|Any CPU.ActiveCfg = Debug|Any CPU
		{990EC02D-7315-49CA-82C4-EA34F535D7CA}.Debug|Any CPU.Build.0 = Debug|Any CPU
		{990EC02D-7315-49CA-82C4-EA34F535D7CA}.Release|Any CPU.ActiveCfg = Release|Any CPU
		{990EC02D-7315-49CA-82C4-EA34F535D7CA}.Release|Any CPU.Build.0 = Release|Any CPU
		{5C6190F8-0AA5-47D8-94DB-31E0123F9C7A}.Debug|Any CPU.ActiveCfg = Debug|Any CPU
		{5C6190F8-0AA5-47D8-94DB-31E0123F9C7A}.Debug|Any CPU.Build.0 = Debug|Any CPU
		{5C6190F8-0AA5-47D8-94DB-31E0123F9C7A}.Release|Any CPU.ActiveCfg = Release|Any CPU
		{5C6190F8-0AA5-47D8-94DB-31E0123F9C7A}.Release|Any CPU.Build.0 = Release|Any CPU
	EndGlobalSection
	GlobalSection(SolutionProperties) = preSolution
		HideSolutionNode = FALSE
	EndGlobalSection
	GlobalSection(ExtensibilityGlobals) = postSolution
		SolutionGuid = {92199223-C95B-4E45-94E8-6A8B63C158D9}
	EndGlobalSection
EndGlobal
